
Microsoft Visual Studio Solution File, Format Version 12.00
# Visual Studio 14
VisualStudioVersion = 14.0.25420.1
MinimumVisualStudioVersion = 10.0.40219.1
Project("{FAE04EC0-301F-11D3-BF4B-00C04F79EFBC}") = "CajeroConsola", "CajeroConsola\CajeroConsola.csproj", "{EFF6F781-2D66-4C86-8EE4-1CD57E2EAF2B}"
EndProject
Global
	GlobalSection(SolutionConfigurationPlatforms) = preSolution
		Debug|Any CPU = Debug|Any CPU
		Release|Any CPU = Release|Any CPU
	EndGlobalSection
	GlobalSection(ProjectConfigurationPlatforms) = postSolution
		{EFF6F781-2D66-4C86-8EE4-1CD57E2EAF2B}.Debug|Any CPU.ActiveCfg = Debug|Any CPU
		{EFF6F781-2D66-4C86-8EE4-1CD57E2EAF2B}.Debug|Any CPU.Build.0 = Debug|Any CPU
		{EFF6F781-2D66-4C86-8EE4-1CD57E2EAF2B}.Release|Any CPU.ActiveCfg = Release|Any CPU
		{EFF6F781-2D66-4C86-8EE4-1CD57E2EAF2B}.Release|Any CPU.Build.0 = Release|Any CPU
	EndGlobalSection
	GlobalSection(SolutionProperties) = preSolution
		HideSolutionNode = FALSE
	EndGlobalSection
EndGlobal
